
Microsoft Visual Studio Solution File, Format Version 12.00
# Visual Studio Version 16
VisualStudioVersion = 16.0.31321.278
MinimumVisualStudioVersion = 10.0.40219.1
Project("{FAE04EC0-301F-11D3-BF4B-00C04F79EFBC}") = "8kPremium", "8kPremium\8kPremium.csproj", "{968C3478-76DB-4A31-B6DE-22A2DFB4776A}"
EndProject
Project("{FAE04EC0-301F-11D3-BF4B-00C04F79EFBC}") = "Zadanie1", "BinaryGap\Zadanie1.csproj", "{09F3C1BE-3A77-4E13-9E46-DAA4BA9AD2FC}"
EndProject
Global
	GlobalSection(SolutionConfigurationPlatforms) = preSolution
		Debug|Any CPU = Debug|Any CPU
		Release|Any CPU = Release|Any CPU
	EndGlobalSection
	GlobalSection(ProjectConfigurationPlatforms) = postSolution
		{968C3478-76DB-4A31-B6DE-22A2DFB4776A}.Debug|Any CPU.ActiveCfg = Debug|Any CPU
		{968C3478-76DB-4A31-B6DE-22A2DFB4776A}.Debug|Any CPU.Build.0 = Debug|Any CPU
		{968C3478-76DB-4A31-B6DE-22A2DFB4776A}.Release|Any CPU.ActiveCfg = Release|Any CPU
		{968C3478-76DB-4A31-B6DE-22A2DFB4776A}.Release|Any CPU.Build.0 = Release|Any CPU
		{09F3C1BE-3A77-4E13-9E46-DAA4BA9AD2FC}.Debug|Any CPU.ActiveCfg = Debug|Any CPU
		{09F3C1BE-3A77-4E13-9E46-DAA4BA9AD2FC}.Debug|Any CPU.Build.0 = Debug|Any CPU
		{09F3C1BE-3A77-4E13-9E46-DAA4BA9AD2FC}.Release|Any CPU.ActiveCfg = Release|Any CPU
		{09F3C1BE-3A77-4E13-9E46-DAA4BA9AD2FC}.Release|Any CPU.Build.0 = Release|Any CPU
	EndGlobalSection
	GlobalSection(SolutionProperties) = preSolution
		HideSolutionNode = FALSE
	EndGlobalSection
	GlobalSection(ExtensibilityGlobals) = postSolution
		SolutionGuid = {CEF1A2A6-D5E6-49A5-AA5A-DC3CFBB2ECF7}
	EndGlobalSection
EndGlobal
