
Microsoft Visual Studio Solution File, Format Version 12.00
# Visual Studio Version 16
VisualStudioVersion = 16.0.31321.278
MinimumVisualStudioVersion = 10.0.40219.1
Project("{9A19103F-16F7-4668-BE54-9A1E7A4F7556}") = "8kPremium", "8kPremium\8kPremium.csproj", "{968C3478-76DB-4A31-B6DE-22A2DFB4776A}"
EndProject
Project("{9A19103F-16F7-4668-BE54-9A1E7A4F7556}") = "Task1", "Task1\Task1.csproj", "{AB86FA7C-A6B3-4BB1-8C39-635B8F1B84D4}"
EndProject
Project("{9A19103F-16F7-4668-BE54-9A1E7A4F7556}") = "Task1Adam", "Task1Adam\Task1Adam.csproj", "{16143E6E-8CD2-4E32-BF94-A8BF3C3F1409}"
EndProject
Project("{9A19103F-16F7-4668-BE54-9A1E7A4F7556}") = "Task2", "Task2\Task2.csproj", "{CC4B30E3-5C8A-4BD6-AF45-4B27DE36C48E}"
EndProject
Project("{9A19103F-16F7-4668-BE54-9A1E7A4F7556}") = "Task2Adam", "Task2Adam\Task2Adam.csproj", "{608941FE-B5C5-403D-8443-DAF55C164F2C}"
EndProject
Project("{9A19103F-16F7-4668-BE54-9A1E7A4F7556}") = "Task3", "Task3\Task3.csproj", "{56376B2F-8987-4F4B-8A69-3D3E81C67A2B}"
EndProject
Project("{9A19103F-16F7-4668-BE54-9A1E7A4F7556}") = "Task3Adam", "Task3Adam\Task3Adam.csproj", "{F878161B-B1AE-455A-91ED-93C036EC6006}"
EndProject
Project("{9A19103F-16F7-4668-BE54-9A1E7A4F7556}") = "Task4", "Task4\Task4.csproj", "{BB443EAE-3030-4DEF-A267-C85E44522E26}"
EndProject
Project("{9A19103F-16F7-4668-BE54-9A1E7A4F7556}") = "Task5", "Task5\Task5.csproj", "{C96D7DE0-62F2-41F7-AF24-5372AE972624}"
EndProject
Project("{9A19103F-16F7-4668-BE54-9A1E7A4F7556}") = "Task6", "Task6\Task6.csproj", "{2E3F213A-DF2E-4EE4-AB97-908187B011FE}"
EndProject
Project("{9A19103F-16F7-4668-BE54-9A1E7A4F7556}") = "Task7", "Task7\Task7.csproj", "{DC5FDAF6-4261-47AA-95AB-441228ACA99E}"
EndProject
Project("{FAE04EC0-301F-11D3-BF4B-00C04F79EFBC}") = "Task8", "Task8\Task8.csproj", "{A21C5DCA-4E11-4CF3-96EE-4BCB0F5A096C}"
EndProject
Global
	GlobalSection(SolutionConfigurationPlatforms) = preSolution
		Debug|Any CPU = Debug|Any CPU
		Release|Any CPU = Release|Any CPU
	EndGlobalSection
	GlobalSection(ProjectConfigurationPlatforms) = postSolution
		{968C3478-76DB-4A31-B6DE-22A2DFB4776A}.Debug|Any CPU.ActiveCfg = Debug|Any CPU
		{968C3478-76DB-4A31-B6DE-22A2DFB4776A}.Debug|Any CPU.Build.0 = Debug|Any CPU
		{968C3478-76DB-4A31-B6DE-22A2DFB4776A}.Release|Any CPU.ActiveCfg = Release|Any CPU
		{968C3478-76DB-4A31-B6DE-22A2DFB4776A}.Release|Any CPU.Build.0 = Release|Any CPU
		{AB86FA7C-A6B3-4BB1-8C39-635B8F1B84D4}.Debug|Any CPU.ActiveCfg = Debug|Any CPU
		{AB86FA7C-A6B3-4BB1-8C39-635B8F1B84D4}.Debug|Any CPU.Build.0 = Debug|Any CPU
		{AB86FA7C-A6B3-4BB1-8C39-635B8F1B84D4}.Release|Any CPU.ActiveCfg = Release|Any CPU
		{AB86FA7C-A6B3-4BB1-8C39-635B8F1B84D4}.Release|Any CPU.Build.0 = Release|Any CPU
		{16143E6E-8CD2-4E32-BF94-A8BF3C3F1409}.Debug|Any CPU.ActiveCfg = Debug|Any CPU
		{16143E6E-8CD2-4E32-BF94-A8BF3C3F1409}.Debug|Any CPU.Build.0 = Debug|Any CPU
		{16143E6E-8CD2-4E32-BF94-A8BF3C3F1409}.Release|Any CPU.ActiveCfg = Release|Any CPU
		{16143E6E-8CD2-4E32-BF94-A8BF3C3F1409}.Release|Any CPU.Build.0 = Release|Any CPU
		{CC4B30E3-5C8A-4BD6-AF45-4B27DE36C48E}.Debug|Any CPU.ActiveCfg = Debug|Any CPU
		{CC4B30E3-5C8A-4BD6-AF45-4B27DE36C48E}.Debug|Any CPU.Build.0 = Debug|Any CPU
		{CC4B30E3-5C8A-4BD6-AF45-4B27DE36C48E}.Release|Any CPU.ActiveCfg = Release|Any CPU
		{CC4B30E3-5C8A-4BD6-AF45-4B27DE36C48E}.Release|Any CPU.Build.0 = Release|Any CPU
		{608941FE-B5C5-403D-8443-DAF55C164F2C}.Debug|Any CPU.ActiveCfg = Debug|Any CPU
		{608941FE-B5C5-403D-8443-DAF55C164F2C}.Debug|Any CPU.Build.0 = Debug|Any CPU
		{608941FE-B5C5-403D-8443-DAF55C164F2C}.Release|Any CPU.ActiveCfg = Release|Any CPU
		{608941FE-B5C5-403D-8443-DAF55C164F2C}.Release|Any CPU.Build.0 = Release|Any CPU
		{56376B2F-8987-4F4B-8A69-3D3E81C67A2B}.Debug|Any CPU.ActiveCfg = Debug|Any CPU
		{56376B2F-8987-4F4B-8A69-3D3E81C67A2B}.Debug|Any CPU.Build.0 = Debug|Any CPU
		{56376B2F-8987-4F4B-8A69-3D3E81C67A2B}.Release|Any CPU.ActiveCfg = Release|Any CPU
		{56376B2F-8987-4F4B-8A69-3D3E81C67A2B}.Release|Any CPU.Build.0 = Release|Any CPU
		{F878161B-B1AE-455A-91ED-93C036EC6006}.Debug|Any CPU.ActiveCfg = Debug|Any CPU
		{F878161B-B1AE-455A-91ED-93C036EC6006}.Debug|Any CPU.Build.0 = Debug|Any CPU
		{F878161B-B1AE-455A-91ED-93C036EC6006}.Release|Any CPU.ActiveCfg = Release|Any CPU
		{F878161B-B1AE-455A-91ED-93C036EC6006}.Release|Any CPU.Build.0 = Release|Any CPU
		{BB443EAE-3030-4DEF-A267-C85E44522E26}.Debug|Any CPU.ActiveCfg = Debug|Any CPU
		{BB443EAE-3030-4DEF-A267-C85E44522E26}.Debug|Any CPU.Build.0 = Debug|Any CPU
		{BB443EAE-3030-4DEF-A267-C85E44522E26}.Release|Any CPU.ActiveCfg = Release|Any CPU
		{BB443EAE-3030-4DEF-A267-C85E44522E26}.Release|Any CPU.Build.0 = Release|Any CPU
		{C96D7DE0-62F2-41F7-AF24-5372AE972624}.Debug|Any CPU.ActiveCfg = Debug|Any CPU
		{C96D7DE0-62F2-41F7-AF24-5372AE972624}.Debug|Any CPU.Build.0 = Debug|Any CPU
		{C96D7DE0-62F2-41F7-AF24-5372AE972624}.Release|Any CPU.ActiveCfg = Release|Any CPU
		{C96D7DE0-62F2-41F7-AF24-5372AE972624}.Release|Any CPU.Build.0 = Release|Any CPU
		{2E3F213A-DF2E-4EE4-AB97-908187B011FE}.Debug|Any CPU.ActiveCfg = Debug|Any CPU
		{2E3F213A-DF2E-4EE4-AB97-908187B011FE}.Debug|Any CPU.Build.0 = Debug|Any CPU
		{2E3F213A-DF2E-4EE4-AB97-908187B011FE}.Release|Any CPU.ActiveCfg = Release|Any CPU
		{2E3F213A-DF2E-4EE4-AB97-908187B011FE}.Release|Any CPU.Build.0 = Release|Any CPU
		{DC5FDAF6-4261-47AA-95AB-441228ACA99E}.Debug|Any CPU.ActiveCfg = Debug|Any CPU
		{DC5FDAF6-4261-47AA-95AB-441228ACA99E}.Debug|Any CPU.Build.0 = Debug|Any CPU
		{DC5FDAF6-4261-47AA-95AB-441228ACA99E}.Release|Any CPU.ActiveCfg = Release|Any CPU
		{DC5FDAF6-4261-47AA-95AB-441228ACA99E}.Release|Any CPU.Build.0 = Release|Any CPU
		{A21C5DCA-4E11-4CF3-96EE-4BCB0F5A096C}.Debug|Any CPU.ActiveCfg = Debug|Any CPU
		{A21C5DCA-4E11-4CF3-96EE-4BCB0F5A096C}.Debug|Any CPU.Build.0 = Debug|Any CPU
		{A21C5DCA-4E11-4CF3-96EE-4BCB0F5A096C}.Release|Any CPU.ActiveCfg = Release|Any CPU
		{A21C5DCA-4E11-4CF3-96EE-4BCB0F5A096C}.Release|Any CPU.Build.0 = Release|Any CPU
	EndGlobalSection
	GlobalSection(SolutionProperties) = preSolution
		HideSolutionNode = FALSE
	EndGlobalSection
	GlobalSection(ExtensibilityGlobals) = postSolution
		SolutionGuid = {CEF1A2A6-D5E6-49A5-AA5A-DC3CFBB2ECF7}
	EndGlobalSection
EndGlobal
